// !$*UTF8*$!
{
	archiveVersion = 1;
	classes = {
	};
	objectVersion = 46;
	objects = {

/* Begin PBXBuildFile section */
		885A9FCA1DF03FA600028124 /* main.m in Sources */ = {isa = PBXBuildFile; fileRef = 885A9FC91DF03FA600028124 /* main.m */; };
		885A9FCD1DF03FA600028124 /* AppDelegate.m in Sources */ = {isa = PBXBuildFile; fileRef = 885A9FCC1DF03FA600028124 /* AppDelegate.m */; };
		885A9FD01DF03FA600028124 /* ViewController.m in Sources */ = {isa = PBXBuildFile; fileRef = 885A9FCF1DF03FA600028124 /* ViewController.m */; };
		885A9FD31DF03FA600028124 /* Main.storyboard in Resources */ = {isa = PBXBuildFile; fileRef = 885A9FD11DF03FA600028124 /* Main.storyboard */; };
		885A9FD51DF03FA600028124 /* Assets.xcassets in Resources */ = {isa = PBXBuildFile; fileRef = 885A9FD41DF03FA600028124 /* Assets.xcassets */; };
		885A9FD81DF03FA700028124 /* LaunchScreen.storyboard in Resources */ = {isa = PBXBuildFile; fileRef = 885A9FD61DF03FA600028124 /* LaunchScreen.storyboard */; };
		885A9FE21DF03FBC00028124 /* ZBTool.m in Sources */ = {isa = PBXBuildFile; fileRef = 885A9FE11DF03FBC00028124 /* ZBTool.m */; };
/* End PBXBuildFile section */

/* Begin PBXFileReference section */
		885A9FC51DF03FA600028124 /* ZBFrameWork.app */ = {isa = PBXFileReference; explicitFileType = wrapper.application; includeInIndex = 0; path = ZBFrameWork.app; sourceTree = BUILT_PRODUCTS_DIR; };
		885A9FC91DF03FA600028124 /* main.m */ = {isa = PBXFileReference; lastKnownFileType = sourcecode.c.objc; path = main.m; sourceTree = "<group>"; };
		885A9FCB1DF03FA600028124 /* AppDelegate.h */ = {isa = PBXFileReference; lastKnownFileType = sourcecode.c.h; path = AppDelegate.h; sourceTree = "<group>"; };
		885A9FCC1DF03FA600028124 /* AppDelegate.m */ = {isa = PBXFileReference; lastKnownFileType = sourcecode.c.objc; path = AppDelegate.m; sourceTree = "<group>"; };
		885A9FCE1DF03FA600028124 /* ViewController.h */ = {isa = PBXFileReference; lastKnownFileType = sourcecode.c.h; path = ViewController.h; sourceTree = "<group>"; };
		885A9FCF1DF03FA600028124 /* ViewController.m */ = {isa = PBXFileReference; lastKnownFileType = sourcecode.c.objc; path = ViewController.m; sourceTree = "<group>"; };
		885A9FD21DF03FA600028124 /* Base */ = {isa = PBXFileReference; lastKnownFileType = file.storyboard; name = Base; path = Base.lproj/Main.storyboard; sourceTree = "<group>"; };
		885A9FD41DF03FA600028124 /* Assets.xcassets */ = {isa = PBXFileReference; lastKnownFileType = folder.assetcatalog; path = Assets.xcassets; sourceTree = "<group>"; };
		885A9FD71DF03FA600028124 /* Base */ = {isa = PBXFileReference; lastKnownFileType = file.storyboard; name = Base; path = Base.lproj/LaunchScreen.storyboard; sourceTree = "<group>"; };
		885A9FD91DF03FA700028124 /* Info.plist */ = {isa = PBXFileReference; lastKnownFileType = text.plist.xml; path = Info.plist; sourceTree = "<group>"; };
		885A9FE01DF03FBC00028124 /* ZBTool.h */ = {isa = PBXFileReference; fileEncoding = 4; lastKnownFileType = sourcecode.c.h; path = ZBTool.h; sourceTree = "<group>"; };
		885A9FE11DF03FBC00028124 /* ZBTool.m */ = {isa = PBXFileReference; fileEncoding = 4; lastKnownFileType = sourcecode.c.objc; path = ZBTool.m; sourceTree = "<group>"; };
/* End PBXFileReference section */

/* Begin PBXFrameworksBuildPhase section */
		885A9FC21DF03FA600028124 /* Frameworks */ = {
			isa = PBXFrameworksBuildPhase;
			buildActionMask = 2147483647;
			files = (
			);
			runOnlyForDeploymentPostprocessing = 0;
		};
/* End PBXFrameworksBuildPhase section */

/* Begin PBXGroup section */
		885A9FBC1DF03FA600028124 = {
			isa = PBXGroup;
			children = (
				885A9FC71DF03FA600028124 /* ZBFrameWork */,
				885A9FC61DF03FA600028124 /* Products */,
			);
			sourceTree = "<group>";
		};
		885A9FC61DF03FA600028124 /* Products */ = {
			isa = PBXGroup;
			children = (
				885A9FC51DF03FA600028124 /* ZBFrameWork.app */,
			);
			name = Products;
			sourceTree = "<group>";
		};
		885A9FC71DF03FA600028124 /* ZBFrameWork */ = {
			isa = PBXGroup;
			children = (
				885A9FDF1DF03FB200028124 /* Classes */,
				885A9FCB1DF03FA600028124 /* AppDelegate.h */,
				885A9FCC1DF03FA600028124 /* AppDelegate.m */,
				885A9FCE1DF03FA600028124 /* ViewController.h */,
				885A9FCF1DF03FA600028124 /* ViewController.m */,
				885A9FD11DF03FA600028124 /* Main.storyboard */,
				885A9FD41DF03FA600028124 /* Assets.xcassets */,
				885A9FD61DF03FA600028124 /* LaunchScreen.storyboard */,
				885A9FD91DF03FA700028124 /* Info.plist */,
				885A9FC81DF03FA600028124 /* Supporting Files */,
			);
			path = ZBFrameWork;
			sourceTree = "<group>";
		};
		885A9FC81DF03FA600028124 /* Supporting Files */ = {
			isa = PBXGroup;
			children = (
				885A9FC91DF03FA600028124 /* main.m */,
			);
			name = "Supporting Files";
			sourceTree = "<group>";
		};
		885A9FDF1DF03FB200028124 /* Classes */ = {
			isa = PBXGroup;
			children = (
				885A9FE01DF03FBC00028124 /* ZBTool.h */,
				885A9FE11DF03FBC00028124 /* ZBTool.m */,
			);
			path = Classes;
			sourceTree = "<group>";
		};
/* End PBXGroup section */

/* Begin PBXNativeTarget section */
		885A9FC41DF03FA600028124 /* ZBFrameWork */ = {
			isa = PBXNativeTarget;
			buildConfigurationList = 885A9FDC1DF03FA700028124 /* Build configuration list for PBXNativeTarget "ZBFrameWork" */;
			buildPhases = (
				885A9FC11DF03FA600028124 /* Sources */,
				885A9FC21DF03FA600028124 /* Frameworks */,
				885A9FC31DF03FA600028124 /* Resources */,
			);
			buildRules = (
			);
			dependencies = (
			);
			name = ZBFrameWork;
			productName = ZBFrameWork;
			productReference = 885A9FC51DF03FA600028124 /* ZBFrameWork.app */;
			productType = "com.apple.product-type.application";
		};
/* End PBXNativeTarget section */

/* Begin PBXProject section */
		885A9FBD1DF03FA600028124 /* Project object */ = {
			isa = PBXProject;
			attributes = {
				LastUpgradeCheck = 0810;
				ORGANIZATIONNAME = "周彬";
				TargetAttributes = {
					885A9FC41DF03FA600028124 = {
						CreatedOnToolsVersion = 8.1;
						ProvisioningStyle = Automatic;
					};
				};
			};
			buildConfigurationList = 885A9FC01DF03FA600028124 /* Build configuration list for PBXProject "ZBFrameWork" */;
			compatibilityVersion = "Xcode 3.2";
			developmentRegion = English;
			hasScannedForEncodings = 0;
			knownRegions = (
				en,
				Base,
			);
			mainGroup = 885A9FBC1DF03FA600028124;
			productRefGroup = 885A9FC61DF03FA600028124 /* Products */;
			projectDirPath = "";
			projectRoot = "";
			targets = (
				885A9FC41DF03FA600028124 /* ZBFrameWork */,
			);
		};
/* End PBXProject section */

/* Begin PBXResourcesBuildPhase section */
		885A9FC31DF03FA600028124 /* Resources */ = {
			isa = PBXResourcesBuildPhase;
			buildActionMask = 2147483647;
			files = (
				885A9FD81DF03FA700028124 /* LaunchScreen.storyboard in Resources */,
				885A9FD51DF03FA600028124 /* Assets.xcassets in Resources */,
				885A9FD31DF03FA600028124 /* Main.storyboard in Resources */,
			);
			runOnlyForDeploymentPostprocessing = 0;
		};
/* End PBXResourcesBuildPhase section */

/* Begin PBXSourcesBuildPhase section */
		885A9FC11DF03FA600028124 /* Sources */ = {
			isa = PBXSourcesBuildPhase;
			buildActionMask = 2147483647;
			files = (
				885A9FD01DF03FA600028124 /* ViewController.m in Sources */,
				885A9FE21DF03FBC00028124 /* ZBTool.m in Sources */,
				885A9FCD1DF03FA600028124 /* AppDelegate.m in Sources */,
				885A9FCA1DF03FA600028124 /* main.m in Sources */,
			);
			runOnlyForDeploymentPostprocessing = 0;
		};
/* End PBXSourcesBuildPhase section */

/* Begin PBXVariantGroup section */
		885A9FD11DF03FA600028124 /* Main.storyboard */ = {
			isa = PBXVariantGroup;
			children = (
				885A9FD21DF03FA600028124 /* Base */,
			);
			name = Main.storyboard;
			sourceTree = "<group>";
		};
		885A9FD61DF03FA600028124 /* LaunchScreen.storyboard */ = {
			isa = PBXVariantGroup;
			children = (
				885A9FD71DF03FA600028124 /* Base */,
			);
			name = LaunchScreen.storyboard;
			sourceTree = "<group>";
		};
/* End PBXVariantGroup section */

/* Begin XCBuildConfiguration section */
		885A9FDA1DF03FA700028124 /* Debug */ = {
			isa = XCBuildConfiguration;
			buildSettings = {
				ALWAYS_SEARCH_USER_PATHS = NO;
				CLANG_ANALYZER_NONNULL = YES;
				CLANG_CXX_LANGUAGE_STANDARD = "gnu++0x";
				CLANG_CXX_LIBRARY = "libc++";
				CLANG_ENABLE_MODULES = YES;
				CLANG_ENABLE_OBJC_ARC = YES;
				CLANG_WARN_BOOL_CONVERSION = YES;
				CLANG_WARN_CONSTANT_CONVERSION = YES;
				CLANG_WARN_DIRECT_OBJC_ISA_USAGE = YES_ERROR;
				CLANG_WARN_DOCUMENTATION_COMMENTS = YES;
				CLANG_WARN_EMPTY_BODY = YES;
				CLANG_WARN_ENUM_CONVERSION = YES;
				CLANG_WARN_INFINITE_RECURSION = YES;
				CLANG_WARN_INT_CONVERSION = YES;
				CLANG_WARN_OBJC_ROOT_CLASS = YES_ERROR;
				CLANG_WARN_SUSPICIOUS_MOVES = YES;
				CLANG_WARN_UNREACHABLE_CODE = YES;
				CLANG_WARN__DUPLICATE_METHOD_MATCH = YES;
				"CODE_SIGN_IDENTITY[sdk=iphoneos*]" = "iPhone Developer";
				COPY_PHASE_STRIP = NO;
				DEBUG_INFORMATION_FORMAT = dwarf;
				ENABLE_STRICT_OBJC_MSGSEND = YES;
				ENABLE_TESTABILITY = YES;
				GCC_C_LANGUAGE_STANDARD = gnu99;
				GCC_DYNAMIC_NO_PIC = NO;
				GCC_NO_COMMON_BLOCKS = YES;
				GCC_OPTIMIZATION_LEVEL = 0;
				GCC_PREPROCESSOR_DEFINITIONS = (
					"DEBUG=1",
					"$(inherited)",
				);
				GCC_WARN_64_TO_32_BIT_CONVERSION = YES;
				GCC_WARN_ABOUT_RETURN_TYPE = YES_ERROR;
				GCC_WARN_UNDECLARED_SELECTOR = YES;
				GCC_WARN_UNINITIALIZED_AUTOS = YES_AGGRESSIVE;
				GCC_WARN_UNUSED_FUNCTION = YES;
				GCC_WARN_UNUSED_VARIABLE = YES;
				IPHONEOS_DEPLOYMENT_TARGET = 10.1;
				MTL_ENABLE_DEBUG_INFO = YES;
				ONLY_ACTIVE_ARCH = YES;
				SDKROOT = iphoneos;
				TARGETED_DEVICE_FAMILY = "1,2";
			};
			name = Debug;
		};
		885A9FDB1DF03FA700028124 /* Release */ = {
			isa = XCBuildConfiguration;
			buildSettings = {
				ALWAYS_SEARCH_USER_PATHS = NO;
				CLANG_ANALYZER_NONNULL = YES;
				CLANG_CXX_LANGUAGE_STANDARD = "gnu++0x";
				CLANG_CXX_LIBRARY = "libc++";
				CLANG_ENABLE_MODULES = YES;
				CLANG_ENABLE_OBJC_ARC = YES;
				CLANG_WARN_BOOL_CONVERSION = YES;
				CLANG_WARN_CONSTANT_CONVERSION = YES;
				CLANG_WARN_DIRECT_OBJC_ISA_USAGE = YES_ERROR;
				CLANG_WARN_DOCUMENTATION_COMMENTS = YES;
				CLANG_WARN_EMPTY_BODY = YES;
				CLANG_WARN_ENUM_CONVERSION = YES;
				CLANG_WARN_INFINITE_RECURSION = YES;
				CLANG_WARN_INT_CONVERSION = YES;
				CLANG_WARN_OBJC_ROOT_CLASS = YES_ERROR;
				CLANG_WARN_SUSPICIOUS_MOVES = YES;
				CLANG_WARN_UNREACHABLE_CODE = YES;
				CLANG_WARN__DUPLICATE_METHOD_MATCH = YES;
				"CODE_SIGN_IDENTITY[sdk=iphoneos*]" = "iPhone Developer";
				COPY_PHASE_STRIP = NO;
				DEBUG_INFORMATION_FORMAT = "dwarf-with-dsym";
				ENABLE_NS_ASSERTIONS = NO;
				ENABLE_STRICT_OBJC_MSGSEND = YES;
				GCC_C_LANGUAGE_STANDARD = gnu99;
				GCC_NO_COMMON_BLOCKS = YES;
				GCC_WARN_64_TO_32_BIT_CONVERSION = YES;
				GCC_WARN_ABOUT_RETURN_TYPE = YES_ERROR;
				GCC_WARN_UNDECLARED_SELECTOR = YES;
				GCC_WARN_UNINITIALIZED_AUTOS = YES_AGGRESSIVE;
				GCC_WARN_UNUSED_FUNCTION = YES;
				GCC_WARN_UNUSED_VARIABLE = YES;
				IPHONEOS_DEPLOYMENT_TARGET = 10.1;
				MTL_ENABLE_DEBUG_INFO = NO;
				SDKROOT = iphoneos;
				TARGETED_DEVICE_FAMILY = "1,2";
				VALIDATE_PRODUCT = YES;
			};
			name = Release;
		};
		885A9FDD1DF03FA700028124 /* Debug */ = {
			isa = XCBuildConfiguration;
			buildSettings = {
				ASSETCATALOG_COMPILER_APPICON_NAME = AppIcon;
				INFOPLIST_FILE = ZBFrameWork/Info.plist;
				LD_RUNPATH_SEARCH_PATHS = "$(inherited) @executable_path/Frameworks";
				PRODUCT_BUNDLE_IDENTIFIER = com.tc.ZBFrameWork;
				PRODUCT_NAME = "$(TARGET_NAME)";
			};
			name = Debug;
		};
		885A9FDE1DF03FA700028124 /* Release */ = {
			isa = XCBuildConfiguration;
			buildSettings = {
				ASSETCATALOG_COMPILER_APPICON_NAME = AppIcon;
				INFOPLIST_FILE = ZBFrameWork/Info.plist;
				LD_RUNPATH_SEARCH_PATHS = "$(inherited) @executable_path/Frameworks";
				PRODUCT_BUNDLE_IDENTIFIER = com.tc.ZBFrameWork;
				PRODUCT_NAME = "$(TARGET_NAME)";
			};
			name = Release;
		};
/* End XCBuildConfiguration section */

/* Begin XCConfigurationList section */
		885A9FC01DF03FA600028124 /* Build configuration list for PBXProject "ZBFrameWork" */ = {
			isa = XCConfigurationList;
			buildConfigurations = (
				885A9FDA1DF03FA700028124 /* Debug */,
				885A9FDB1DF03FA700028124 /* Release */,
			);
			defaultConfigurationIsVisible = 0;
			defaultConfigurationName = Release;
		};
		885A9FDC1DF03FA700028124 /* Build configuration list for PBXNativeTarget "ZBFrameWork" */ = {
			isa = XCConfigurationList;
			buildConfigurations = (
				885A9FDD1DF03FA700028124 /* Debug */,
				885A9FDE1DF03FA700028124 /* Release */,
			);
			defaultConfigurationIsVisible = 0;
		};
/* End XCConfigurationList section */
	};
	rootObject = 885A9FBD1DF03FA600028124 /* Project object */;
}
